<?xml version="1.0" encoding="utf-8"?>
<Project ToolsVersion="4.0" xmlns="http://schemas.microsoft.com/developer/msbuild/2003">
  <ItemGroup>
    <Filter Include="XEngine\src">
      <UniqueIdentifier>{4708B49D-400C-424C-9161-6E6888A17A6B}</UniqueIdentifier>
    </Filter>
    <Filter Include="XEngine">
      <UniqueIdentifier>{FB4684B3-0D09-4C6E-947D-FBA1748172B1}</UniqueIdentifier>
    </Filter>
    <Filter Include="XEngine\include">
      <UniqueIdentifier>{66E8C03C-889F-4BCB-A4A5-319812C5117E}</UniqueIdentifier>
    </Filter>
  </ItemGroup>
  <ItemGroup>
    <ClCompile Include="..\..\XEngine\src\InputManager.cpp">
      <Filter>XEngine\src</Filter>
    </ClCompile>
    <ClCompile Include="..\..\XEngine\src\main.cpp">
      <Filter>XEngine\src</Filter>
    </ClCompile>
    <ClCompile Include="..\..\XEngine\src\Matrix3x3.cpp">
      <Filter>XEngine\src</Filter>
    </ClCompile>
    <ClCompile Include="..\..\XEngine\src\Model.cpp">
      <Filter>XEngine\src</Filter>
    </ClCompile>
    <ClCompile Include="..\..\XEngine\src\ResourceManager.cpp">
      <Filter>XEngine\src</Filter>
    </ClCompile>
    <ClCompile Include="..\..\XEngine\src\SDLImgui.cpp">
      <Filter>XEngine\src</Filter>
    </ClCompile>
    <ClCompile Include="..\..\XEngine\src\Sprite.cpp">
      <Filter>XEngine\src</Filter>
    </ClCompile>
    <ClCompile Include="..\..\XEngine\src\Transform.cpp">
      <Filter>XEngine\src</Filter>
    </ClCompile>
  </ItemGroup>
  <ItemGroup>
    <ClInclude Include="..\..\XEngine\include\DegRad.h">
      <Filter>XEngine\include</Filter>
    </ClInclude>
    <ClInclude Include="..\..\XEngine\include\InputManager.h">
      <Filter>XEngine\include</Filter>
    </ClInclude>
    <ClInclude Include="..\..\XEngine\include\Matrix3x3.h">
      <Filter>XEngine\include</Filter>
    </ClInclude>
    <ClInclude Include="..\..\XEngine\include\Model.h">
      <Filter>XEngine\include</Filter>
    </ClInclude>
    <ClInclude Include="..\..\XEngine\include\ResourceManager.h">
      <Filter>XEngine\include</Filter>
    </ClInclude>
    <ClInclude Include="..\..\XEngine\include\SDLImgui.h">
      <Filter>XEngine\include</Filter>
    </ClInclude>
    <ClInclude Include="..\..\XEngine\include\Sprite.h">
      <Filter>XEngine\include</Filter>
    </ClInclude>
    <ClInclude Include="..\..\XEngine\include\Transform.h">
      <Filter>XEngine\include</Filter>
    </ClInclude>
    <ClInclude Include="..\..\XEngine\include\Vector2.h">
      <Filter>XEngine\include</Filter>
    </ClInclude>
    <ClInclude Include="..\..\XEngine\include\Vector2.inl">
      <Filter>XEngine\include</Filter>
    </ClInclude>
  </ItemGroup>
</Project>
