<?xml version="1.0" encoding="utf-8"?>
<Project ToolsVersion="4.0" xmlns="http://schemas.microsoft.com/developer/msbuild/2003">
  <ItemGroup>
    <Filter Include="src\XEngineLibrary">
      <UniqueIdentifier>{6643A4FE-345D-4CCB-BD05-4649EEB7AB88}</UniqueIdentifier>
    </Filter>
    <Filter Include="src">
      <UniqueIdentifier>{491FBF00-292E-479F-8C8F-7A2AC045023A}</UniqueIdentifier>
    </Filter>
    <Filter Include="include\XEngineLibrary">
      <UniqueIdentifier>{A2B0650A-FC0B-4093-BF2F-2B9BCA32CAC2}</UniqueIdentifier>
    </Filter>
    <Filter Include="include">
      <UniqueIdentifier>{04CCF0D3-2EF0-416E-960B-AE7879D46B6B}</UniqueIdentifier>
    </Filter>
  </ItemGroup>
  <ItemGroup>
    <ClCompile Include="..\..\src\XEngineLibrary\AnimationSystem.cpp">
      <Filter>src\XEngineLibrary</Filter>
    </ClCompile>
    <ClCompile Include="..\..\src\XEngineLibrary\CameraComponent.cpp">
      <Filter>src\XEngineLibrary</Filter>
    </ClCompile>
    <ClCompile Include="..\..\src\XEngineLibrary\Color.cpp">
      <Filter>src\XEngineLibrary</Filter>
    </ClCompile>
    <ClCompile Include="..\..\src\XEngineLibrary\ECS.cpp">
      <Filter>src\XEngineLibrary</Filter>
    </ClCompile>
    <ClCompile Include="..\..\src\XEngineLibrary\GraphicsComponent.cpp">
      <Filter>src\XEngineLibrary</Filter>
    </ClCompile>
    <ClCompile Include="..\..\src\XEngineLibrary\InputManager.cpp">
      <Filter>src\XEngineLibrary</Filter>
    </ClCompile>
    <ClCompile Include="..\..\src\XEngineLibrary\Matrix3x3.cpp">
      <Filter>src\XEngineLibrary</Filter>
    </ClCompile>
    <ClCompile Include="..\..\src\XEngineLibrary\Model.cpp">
      <Filter>src\XEngineLibrary</Filter>
    </ClCompile>
    <ClCompile Include="..\..\src\XEngineLibrary\Renderable.cpp">
      <Filter>src\XEngineLibrary</Filter>
    </ClCompile>
    <ClCompile Include="..\..\src\XEngineLibrary\RenderSystem.cpp">
      <Filter>src\XEngineLibrary</Filter>
    </ClCompile>
    <ClCompile Include="..\..\src\XEngineLibrary\ResourceManager.cpp">
      <Filter>src\XEngineLibrary</Filter>
    </ClCompile>
    <ClCompile Include="..\..\src\XEngineLibrary\SDLEvent.cpp">
      <Filter>src\XEngineLibrary</Filter>
    </ClCompile>
    <ClCompile Include="..\..\src\XEngineLibrary\SDLImgui.cpp">
      <Filter>src\XEngineLibrary</Filter>
    </ClCompile>
    <ClCompile Include="..\..\src\XEngineLibrary\SDLpp.cpp">
      <Filter>src\XEngineLibrary</Filter>
    </ClCompile>
    <ClCompile Include="..\..\src\XEngineLibrary\SDLRenderer.cpp">
      <Filter>src\XEngineLibrary</Filter>
    </ClCompile>
    <ClCompile Include="..\..\src\XEngineLibrary\SDLSurface.cpp">
      <Filter>src\XEngineLibrary</Filter>
    </ClCompile>
    <ClCompile Include="..\..\src\XEngineLibrary\SDLTexture.cpp">
      <Filter>src\XEngineLibrary</Filter>
    </ClCompile>
    <ClCompile Include="..\..\src\XEngineLibrary\SDLTime.cpp">
      <Filter>src\XEngineLibrary</Filter>
    </ClCompile>
    <ClCompile Include="..\..\src\XEngineLibrary\SDLUtility.cpp">
      <Filter>src\XEngineLibrary</Filter>
    </ClCompile>
    <ClCompile Include="..\..\src\XEngineLibrary\SDLWindow.cpp">
      <Filter>src\XEngineLibrary</Filter>
    </ClCompile>
    <ClCompile Include="..\..\src\XEngineLibrary\Sprite.cpp">
      <Filter>src\XEngineLibrary</Filter>
    </ClCompile>
    <ClCompile Include="..\..\src\XEngineLibrary\Spritesheet.cpp">
      <Filter>src\XEngineLibrary</Filter>
    </ClCompile>
    <ClCompile Include="..\..\src\XEngineLibrary\SpritesheetComponent.cpp">
      <Filter>src\XEngineLibrary</Filter>
    </ClCompile>
    <ClCompile Include="..\..\src\XEngineLibrary\Transform.cpp">
      <Filter>src\XEngineLibrary</Filter>
    </ClCompile>
    <ClCompile Include="..\..\src\XEngineLibrary\VelocityComponent.cpp">
      <Filter>src\XEngineLibrary</Filter>
    </ClCompile>
    <ClCompile Include="..\..\src\XEngineLibrary\VelocitySystem.cpp">
      <Filter>src\XEngineLibrary</Filter>
    </ClCompile>
  </ItemGroup>
  <ItemGroup>
    <ClInclude Include="..\..\include\XEngineLibrary\AnimationSystem.h">
      <Filter>include\XEngineLibrary</Filter>
    </ClInclude>
    <ClInclude Include="..\..\include\XEngineLibrary\CameraComponent.h">
      <Filter>include\XEngineLibrary</Filter>
    </ClInclude>
    <ClInclude Include="..\..\include\XEngineLibrary\Color.h">
      <Filter>include\XEngineLibrary</Filter>
    </ClInclude>
    <ClInclude Include="..\..\include\XEngineLibrary\DegRad.h">
      <Filter>include\XEngineLibrary</Filter>
    </ClInclude>
    <ClInclude Include="..\..\include\XEngineLibrary\ECS.h">
      <Filter>include\XEngineLibrary</Filter>
    </ClInclude>
    <ClInclude Include="..\..\include\XEngineLibrary\GraphicsComponent.h">
      <Filter>include\XEngineLibrary</Filter>
    </ClInclude>
    <ClInclude Include="..\..\include\XEngineLibrary\InputManager.h">
      <Filter>include\XEngineLibrary</Filter>
    </ClInclude>
    <ClInclude Include="..\..\include\XEngineLibrary\LIB_COMPILING.h">
      <Filter>include\XEngineLibrary</Filter>
    </ClInclude>
    <ClInclude Include="..\..\include\XEngineLibrary\Matrix3x3.h">
      <Filter>include\XEngineLibrary</Filter>
    </ClInclude>
    <ClInclude Include="..\..\include\XEngineLibrary\Model.h">
      <Filter>include\XEngineLibrary</Filter>
    </ClInclude>
    <ClInclude Include="..\..\include\XEngineLibrary\Renderable.h">
      <Filter>include\XEngineLibrary</Filter>
    </ClInclude>
    <ClInclude Include="..\..\include\XEngineLibrary\RenderSystem.h">
      <Filter>include\XEngineLibrary</Filter>
    </ClInclude>
    <ClInclude Include="..\..\include\XEngineLibrary\ResourceManager.h">
      <Filter>include\XEngineLibrary</Filter>
    </ClInclude>
    <ClInclude Include="..\..\include\XEngineLibrary\SDLEvent.h">
      <Filter>include\XEngineLibrary</Filter>
    </ClInclude>
    <ClInclude Include="..\..\include\XEngineLibrary\SDLImGui.h">
      <Filter>include\XEngineLibrary</Filter>
    </ClInclude>
    <ClInclude Include="..\..\include\XEngineLibrary\SDLpp.h">
      <Filter>include\XEngineLibrary</Filter>
    </ClInclude>
    <ClInclude Include="..\..\include\XEngineLibrary\SDLRenderer.h">
      <Filter>include\XEngineLibrary</Filter>
    </ClInclude>
    <ClInclude Include="..\..\include\XEngineLibrary\SDLSurface.h">
      <Filter>include\XEngineLibrary</Filter>
    </ClInclude>
    <ClInclude Include="..\..\include\XEngineLibrary\SDLTexture.h">
      <Filter>include\XEngineLibrary</Filter>
    </ClInclude>
    <ClInclude Include="..\..\include\XEngineLibrary\SDLTime.h">
      <Filter>include\XEngineLibrary</Filter>
    </ClInclude>
    <ClInclude Include="..\..\include\XEngineLibrary\SDLUtility.h">
      <Filter>include\XEngineLibrary</Filter>
    </ClInclude>
    <ClInclude Include="..\..\include\XEngineLibrary\SDLWindow.h">
      <Filter>include\XEngineLibrary</Filter>
    </ClInclude>
    <ClInclude Include="..\..\include\XEngineLibrary\Sprite.h">
      <Filter>include\XEngineLibrary</Filter>
    </ClInclude>
    <ClInclude Include="..\..\include\XEngineLibrary\Spritesheet.h">
      <Filter>include\XEngineLibrary</Filter>
    </ClInclude>
    <ClInclude Include="..\..\include\XEngineLibrary\SpritesheetComponent.h">
      <Filter>include\XEngineLibrary</Filter>
    </ClInclude>
    <ClInclude Include="..\..\include\XEngineLibrary\Transform.h">
      <Filter>include\XEngineLibrary</Filter>
    </ClInclude>
    <ClInclude Include="..\..\include\XEngineLibrary\Vector2.h">
      <Filter>include\XEngineLibrary</Filter>
    </ClInclude>
    <ClInclude Include="..\..\include\XEngineLibrary\VelocityComponent.h">
      <Filter>include\XEngineLibrary</Filter>
    </ClInclude>
    <ClInclude Include="..\..\include\XEngineLibrary\VelocitySystem.h">
      <Filter>include\XEngineLibrary</Filter>
    </ClInclude>
    <ClInclude Include="..\..\include\XEngineLibrary\Vector2.inl">
      <Filter>include\XEngineLibrary</Filter>
    </ClInclude>
  </ItemGroup>
</Project>
